
Microsoft Visual Studio Solution File, Format Version 12.00
# Visual Studio Version 16
VisualStudioVersion = 16.0.29411.108
MinimumVisualStudioVersion = 10.0.40219.1
Project("{FAE04EC0-301F-11D3-BF4B-00C04F79EFBC}") = "Wallet", "Wallet\Wallet.csproj", "{D87FC4FA-325E-4F86-BE38-C639865281AD}"
EndProject
Project("{FAE04EC0-301F-11D3-BF4B-00C04F79EFBC}") = "WalletServices", "WalletServices\WalletServices.csproj", "{7BDED683-7726-4775-951D-7EBF886ECF58}"
EndProject
Global
	GlobalSection(SolutionConfigurationPlatforms) = preSolution
		Debug|Any CPU = Debug|Any CPU
		Release|Any CPU = Release|Any CPU
	EndGlobalSection
	GlobalSection(ProjectConfigurationPlatforms) = postSolution
		{D87FC4FA-325E-4F86-BE38-C639865281AD}.Debug|Any CPU.ActiveCfg = Debug|Any CPU
		{D87FC4FA-325E-4F86-BE38-C639865281AD}.Debug|Any CPU.Build.0 = Debug|Any CPU
		{D87FC4FA-325E-4F86-BE38-C639865281AD}.Release|Any CPU.ActiveCfg = Release|Any CPU
		{D87FC4FA-325E-4F86-BE38-C639865281AD}.Release|Any CPU.Build.0 = Release|Any CPU
		{7BDED683-7726-4775-951D-7EBF886ECF58}.Debug|Any CPU.ActiveCfg = Debug|Any CPU
		{7BDED683-7726-4775-951D-7EBF886ECF58}.Debug|Any CPU.Build.0 = Debug|Any CPU
		{7BDED683-7726-4775-951D-7EBF886ECF58}.Release|Any CPU.ActiveCfg = Release|Any CPU
		{7BDED683-7726-4775-951D-7EBF886ECF58}.Release|Any CPU.Build.0 = Release|Any CPU
	EndGlobalSection
	GlobalSection(SolutionProperties) = preSolution
		HideSolutionNode = FALSE
	EndGlobalSection
	GlobalSection(ExtensibilityGlobals) = postSolution
		SolutionGuid = {C73A499D-C787-4DF3-8B56-ADECA2E2B0A4}
	EndGlobalSection
EndGlobal
